# THIS IS AN AUTOGENERATED FILE. DO NOT EDIT THIS FILE DIRECTLY.
# yarn lockfile v1


"@tetacom/ng-components@^1.0.41":
  version "1.0.41"
  resolved "https://registry.yarnpkg.com/@tetacom/ng-components/-/ng-components-1.0.41.tgz#3434a4cc761c64534a8059ac7ff5a56175cfc3f4"
  integrity sha512-YcWCFhfjbqkJoX4KDdk/arSDrXTXHXxbvouWKhkg9V4WJWack4G472q3NGH3X2wyleM8pBqP60QhvMuoPZUeEw==
  dependencies:
    tslib "^2.3.0"

tslib@^2.3.0:
  version "2.4.0"
  resolved "https://registry.yarnpkg.com/tslib/-/tslib-2.4.0.tgz#7cecaa7f073ce680a05847aa77be941098f36dc3"
  integrity sha512-d6xOpEDfsi2CZVlPQzGeux8XMwLT9hssAsaPYExaQMuYskwb+x1x7J371tWlbBdWHroy99KnVB6qIkUbs5X3UQ==
